{
  "requires": true,
  "lockfileVersion": 1,
  "dependencies": {
    "owoifyx": {
      "version": "1.0.3",
      "resolved": "https://registry.npmjs.org/owoifyx/-/owoifyx-1.0.3.tgz",
      "integrity": "sha512-PCONXQ82jA5AxELVZuPEUlMfyKUmonXIHwrMvjtt458koOWh5jqFECmtnqx9GaGcH9QqTLOWOLOpNtsb0ma1jQ=="
    }
  }
}
